
Microsoft Visual Studio Solution File, Format Version 12.00
# Visual Studio Version 16
VisualStudioVersion = 16.0.31729.503
MinimumVisualStudioVersion = 10.0.40219.1
Project("{9A19103F-16F7-4668-BE54-9A1E7A4F7556}") = "ServerlessBomberman", "ServerlessBomberman\ServerlessBomberman.csproj", "{6912BD69-E0A7-4258-9851-EAB2FCA4BC94}"
EndProject
Project("{9A19103F-16F7-4668-BE54-9A1E7A4F7556}") = "LocalApp", "LocalAppNew\LocalApp.csproj", "{35A1D93B-0905-46BB-95CB-41B5B390A8BD}"
EndProject
Global
	GlobalSection(SolutionConfigurationPlatforms) = preSolution
		Debug|Any CPU = Debug|Any CPU
		Release|Any CPU = Release|Any CPU
	EndGlobalSection
	GlobalSection(ProjectConfigurationPlatforms) = postSolution
		{6912BD69-E0A7-4258-9851-EAB2FCA4BC94}.Debug|Any CPU.ActiveCfg = Debug|Any CPU
		{6912BD69-E0A7-4258-9851-EAB2FCA4BC94}.Debug|Any CPU.Build.0 = Debug|Any CPU
		{6912BD69-E0A7-4258-9851-EAB2FCA4BC94}.Release|Any CPU.ActiveCfg = Release|Any CPU
		{6912BD69-E0A7-4258-9851-EAB2FCA4BC94}.Release|Any CPU.Build.0 = Release|Any CPU
		{35A1D93B-0905-46BB-95CB-41B5B390A8BD}.Debug|Any CPU.ActiveCfg = Debug|Any CPU
		{35A1D93B-0905-46BB-95CB-41B5B390A8BD}.Debug|Any CPU.Build.0 = Debug|Any CPU
		{35A1D93B-0905-46BB-95CB-41B5B390A8BD}.Release|Any CPU.ActiveCfg = Release|Any CPU
		{35A1D93B-0905-46BB-95CB-41B5B390A8BD}.Release|Any CPU.Build.0 = Release|Any CPU
	EndGlobalSection
	GlobalSection(SolutionProperties) = preSolution
		HideSolutionNode = FALSE
	EndGlobalSection
	GlobalSection(ExtensibilityGlobals) = postSolution
		SolutionGuid = {A16564B9-B38E-428C-B20A-FAC20146D7BD}
	EndGlobalSection
EndGlobal
